// !$*UTF8*$!
{
	archiveVersion = 1;
	classes = {
	};
	objectVersion = 46;
	objects = {

/* Begin PBXBuildFile section */
		681D57071E78E38700CB6011 /* AssetExporter.swift in Sources */ = {isa = PBXBuildFile; fileRef = 681D57061E78E38700CB6011 /* AssetExporter.swift */; };
		681D57091E78E81500CB6011 /* AudioFileMerger.swift in Sources */ = {isa = PBXBuildFile; fileRef = 681D57081E78E81500CB6011 /* AudioFileMerger.swift */; };
		687D05F41E74DB4C005164B5 /* devkit in Resources */ = {isa = PBXBuildFile; fileRef = 687D05F31E74DB4C005164B5 /* devkit */; };
		688B3C071E750068005E75E1 /* DrawerView.swift in Sources */ = {isa = PBXBuildFile; fileRef = 688B3C061E750068005E75E1 /* DrawerView.swift */; };
		688B3C0B1E750A4B005E75E1 /* Recording.swift in Sources */ = {isa = PBXBuildFile; fileRef = 688B3C0A1E750A4B005E75E1 /* Recording.swift */; };
		688B3C0D1E75D6F4005E75E1 /* ChaletNewYorkNineteenEighty.ttf in Resources */ = {isa = PBXBuildFile; fileRef = 688B3C0C1E75D6F4005E75E1 /* ChaletNewYorkNineteenEighty.ttf */; };
		688B3C4B1E77208C005E75E1 /* RecordingTableViewCell.swift in Sources */ = {isa = PBXBuildFile; fileRef = 688B3C4A1E77208C005E75E1 /* RecordingTableViewCell.swift */; };
		688B3C4F1E77224C005E75E1 /* RecordingTableViewCell.xib in Resources */ = {isa = PBXBuildFile; fileRef = 688B3C4E1E77224C005E75E1 /* RecordingTableViewCell.xib */; };
		688DADDA1E7468C900A3A7AD /* AppDelegate.swift in Sources */ = {isa = PBXBuildFile; fileRef = 688DADD91E7468C900A3A7AD /* AppDelegate.swift */; };
		688DADDC1E7468C900A3A7AD /* HomeViewController.swift in Sources */ = {isa = PBXBuildFile; fileRef = 688DADDB1E7468C900A3A7AD /* HomeViewController.swift */; };
		688DADDF1E7468C900A3A7AD /* Main.storyboard in Resources */ = {isa = PBXBuildFile; fileRef = 688DADDD1E7468C900A3A7AD /* Main.storyboard */; };
		688DADE11E7468C900A3A7AD /* Assets.xcassets in Resources */ = {isa = PBXBuildFile; fileRef = 688DADE01E7468C900A3A7AD /* Assets.xcassets */; };
		688DADE41E7468C900A3A7AD /* LaunchScreen.storyboard in Resources */ = {isa = PBXBuildFile; fileRef = 688DADE21E7468C900A3A7AD /* LaunchScreen.storyboard */; };
		688DADEF1E7468C900A3A7AD /* SoundBiteTests.swift in Sources */ = {isa = PBXBuildFile; fileRef = 688DADEE1E7468C900A3A7AD /* SoundBiteTests.swift */; };
		688DADFA1E7468C900A3A7AD /* SoundBiteUITests.swift in Sources */ = {isa = PBXBuildFile; fileRef = 688DADF91E7468C900A3A7AD /* SoundBiteUITests.swift */; };
		688DAE0E1E74697D00A3A7AD /* NotificationCenter.framework in Frameworks */ = {isa = PBXBuildFile; fileRef = 688DAE0D1E74697D00A3A7AD /* NotificationCenter.framework */; };
		688DAE111E74697D00A3A7AD /* TodayViewController.swift in Sources */ = {isa = PBXBuildFile; fileRef = 688DAE101E74697D00A3A7AD /* TodayViewController.swift */; };
		688DAE141E74697D00A3A7AD /* MainInterface.storyboard in Resources */ = {isa = PBXBuildFile; fileRef = 688DAE121E74697D00A3A7AD /* MainInterface.storyboard */; };
		688DAE181E74697D00A3A7AD /* SoundBiteExtension.appex in Embed App Extensions */ = {isa = PBXBuildFile; fileRef = 688DAE0B1E74697D00A3A7AD /* SoundBiteExtension.appex */; settings = {ATTRIBUTES = (RemoveHeadersOnCopy, ); }; };
		688DAE1E1E7482EF00A3A7AD /* RecorderController.swift in Sources */ = {isa = PBXBuildFile; fileRef = 688DAE1D1E7482EF00A3A7AD /* RecorderController.swift */; };
		68B3992B1E79AF0400E521C0 /* Extensions.swift in Sources */ = {isa = PBXBuildFile; fileRef = 68B3992A1E79AF0400E521C0 /* Extensions.swift */; };
		68B3992D1E79AF6B00E521C0 /* EditSoundbitesViewController.swift in Sources */ = {isa = PBXBuildFile; fileRef = 68B3992C1E79AF6B00E521C0 /* EditSoundbitesViewController.swift */; };
		700A2E631DCC1BD8EF4DE042 /* Pods_SoundBite.framework in Frameworks */ = {isa = PBXBuildFile; fileRef = E28B52CC655D0DB2C8CE3856 /* Pods_SoundBite.framework */; };
/* End PBXBuildFile section */

/* Begin PBXContainerItemProxy section */
		688DADEB1E7468C900A3A7AD /* PBXContainerItemProxy */ = {
			isa = PBXContainerItemProxy;
			containerPortal = 688DADCE1E7468C900A3A7AD /* Project object */;
			proxyType = 1;
			remoteGlobalIDString = 688DADD51E7468C900A3A7AD;
			remoteInfo = SoundBite;
		};
		688DADF61E7468C900A3A7AD /* PBXContainerItemProxy */ = {
			isa = PBXContainerItemProxy;
			containerPortal = 688DADCE1E7468C900A3A7AD /* Project object */;
			proxyType = 1;
			remoteGlobalIDString = 688DADD51E7468C900A3A7AD;
			remoteInfo = SoundBite;
		};
		688DAE161E74697D00A3A7AD /* PBXContainerItemProxy */ = {
			isa = PBXContainerItemProxy;
			containerPortal = 688DADCE1E7468C900A3A7AD /* Project object */;
			proxyType = 1;
			remoteGlobalIDString = 688DAE0A1E74697D00A3A7AD;
			remoteInfo = SoundBiteExtension;
		};
/* End PBXContainerItemProxy section */

/* Begin PBXCopyFilesBuildPhase section */
		688DAE1C1E74697D00A3A7AD /* Embed App Extensions */ = {
			isa = PBXCopyFilesBuildPhase;
			buildActionMask = 2147483647;
			dstPath = "";
			dstSubfolderSpec = 13;
			files = (
				688DAE181E74697D00A3A7AD /* SoundBiteExtension.appex in Embed App Extensions */,
			);
			name = "Embed App Extensions";
			runOnlyForDeploymentPostprocessing = 0;
		};
/* End PBXCopyFilesBuildPhase section */

/* Begin PBXFileReference section */
		681D57051E78724500CB6011 /* SoundBite.entitlements */ = {isa = PBXFileReference; lastKnownFileType = text.plist.entitlements; path = SoundBite.entitlements; sourceTree = "<group>"; };
		681D57061E78E38700CB6011 /* AssetExporter.swift */ = {isa = PBXFileReference; fileEncoding = 4; lastKnownFileType = sourcecode.swift; path = AssetExporter.swift; sourceTree = "<group>"; };
		681D57081E78E81500CB6011 /* AudioFileMerger.swift */ = {isa = PBXFileReference; fileEncoding = 4; lastKnownFileType = sourcecode.swift; path = AudioFileMerger.swift; sourceTree = "<group>"; };
		687D05F31E74DB4C005164B5 /* devkit */ = {isa = PBXFileReference; lastKnownFileType = folder; path = devkit; sourceTree = "<group>"; };
		688B3C061E750068005E75E1 /* DrawerView.swift */ = {isa = PBXFileReference; fileEncoding = 4; lastKnownFileType = sourcecode.swift; path = DrawerView.swift; sourceTree = "<group>"; };
		688B3C0A1E750A4B005E75E1 /* Recording.swift */ = {isa = PBXFileReference; fileEncoding = 4; lastKnownFileType = sourcecode.swift; path = Recording.swift; sourceTree = "<group>"; };
		688B3C0C1E75D6F4005E75E1 /* ChaletNewYorkNineteenEighty.ttf */ = {isa = PBXFileReference; lastKnownFileType = file; name = ChaletNewYorkNineteenEighty.ttf; path = SoundBite/devkit/font/ChaletNewYorkNineteenEighty.ttf; sourceTree = "<group>"; };
		688B3C4A1E77208C005E75E1 /* RecordingTableViewCell.swift */ = {isa = PBXFileReference; fileEncoding = 4; lastKnownFileType = sourcecode.swift; path = RecordingTableViewCell.swift; sourceTree = "<group>"; };
		688B3C4E1E77224C005E75E1 /* RecordingTableViewCell.xib */ = {isa = PBXFileReference; fileEncoding = 4; lastKnownFileType = file.xib; path = RecordingTableViewCell.xib; sourceTree = "<group>"; };
		688DADD61E7468C900A3A7AD /* SoundBite.app */ = {isa = PBXFileReference; explicitFileType = wrapper.application; includeInIndex = 0; path = SoundBite.app; sourceTree = BUILT_PRODUCTS_DIR; };
		688DADD91E7468C900A3A7AD /* AppDelegate.swift */ = {isa = PBXFileReference; lastKnownFileType = sourcecode.swift; path = AppDelegate.swift; sourceTree = "<group>"; };
		688DADDB1E7468C900A3A7AD /* HomeViewController.swift */ = {isa = PBXFileReference; lastKnownFileType = sourcecode.swift; path = HomeViewController.swift; sourceTree = "<group>"; };
		688DADDE1E7468C900A3A7AD /* Base */ = {isa = PBXFileReference; lastKnownFileType = file.storyboard; name = Base; path = Base.lproj/Main.storyboard; sourceTree = "<group>"; };
		688DADE01E7468C900A3A7AD /* Assets.xcassets */ = {isa = PBXFileReference; lastKnownFileType = folder.assetcatalog; path = Assets.xcassets; sourceTree = "<group>"; };
		688DADE31E7468C900A3A7AD /* Base */ = {isa = PBXFileReference; lastKnownFileType = file.storyboard; name = Base; path = Base.lproj/LaunchScreen.storyboard; sourceTree = "<group>"; };
		688DADE51E7468C900A3A7AD /* Info.plist */ = {isa = PBXFileReference; lastKnownFileType = text.plist.xml; path = Info.plist; sourceTree = "<group>"; };
		688DADEA1E7468C900A3A7AD /* SoundBiteTests.xctest */ = {isa = PBXFileReference; explicitFileType = wrapper.cfbundle; includeInIndex = 0; path = SoundBiteTests.xctest; sourceTree = BUILT_PRODUCTS_DIR; };
		688DADEE1E7468C900A3A7AD /* SoundBiteTests.swift */ = {isa = PBXFileReference; lastKnownFileType = sourcecode.swift; path = SoundBiteTests.swift; sourceTree = "<group>"; };
		688DADF01E7468C900A3A7AD /* Info.plist */ = {isa = PBXFileReference; lastKnownFileType = text.plist.xml; path = Info.plist; sourceTree = "<group>"; };
		688DADF51E7468C900A3A7AD /* SoundBiteUITests.xctest */ = {isa = PBXFileReference; explicitFileType = wrapper.cfbundle; includeInIndex = 0; path = SoundBiteUITests.xctest; sourceTree = BUILT_PRODUCTS_DIR; };
		688DADF91E7468C900A3A7AD /* SoundBiteUITests.swift */ = {isa = PBXFileReference; lastKnownFileType = sourcecode.swift; path = SoundBiteUITests.swift; sourceTree = "<group>"; };
		688DADFB1E7468C900A3A7AD /* Info.plist */ = {isa = PBXFileReference; lastKnownFileType = text.plist.xml; path = Info.plist; sourceTree = "<group>"; };
		688DAE0B1E74697D00A3A7AD /* SoundBiteExtension.appex */ = {isa = PBXFileReference; explicitFileType = "wrapper.app-extension"; includeInIndex = 0; path = SoundBiteExtension.appex; sourceTree = BUILT_PRODUCTS_DIR; };
		688DAE0D1E74697D00A3A7AD /* NotificationCenter.framework */ = {isa = PBXFileReference; lastKnownFileType = wrapper.framework; name = NotificationCenter.framework; path = System/Library/Frameworks/NotificationCenter.framework; sourceTree = SDKROOT; };
		688DAE101E74697D00A3A7AD /* TodayViewController.swift */ = {isa = PBXFileReference; lastKnownFileType = sourcecode.swift; path = TodayViewController.swift; sourceTree = "<group>"; };
		688DAE131E74697D00A3A7AD /* Base */ = {isa = PBXFileReference; lastKnownFileType = file.storyboard; name = Base; path = Base.lproj/MainInterface.storyboard; sourceTree = "<group>"; };
		688DAE151E74697D00A3A7AD /* Info.plist */ = {isa = PBXFileReference; lastKnownFileType = text.plist.xml; path = Info.plist; sourceTree = "<group>"; };
		688DAE1D1E7482EF00A3A7AD /* RecorderController.swift */ = {isa = PBXFileReference; fileEncoding = 4; lastKnownFileType = sourcecode.swift; path = RecorderController.swift; sourceTree = "<group>"; };
		68B3992A1E79AF0400E521C0 /* Extensions.swift */ = {isa = PBXFileReference; fileEncoding = 4; lastKnownFileType = sourcecode.swift; path = Extensions.swift; sourceTree = "<group>"; };
		68B3992C1E79AF6B00E521C0 /* EditSoundbitesViewController.swift */ = {isa = PBXFileReference; fileEncoding = 4; lastKnownFileType = sourcecode.swift; path = EditSoundbitesViewController.swift; sourceTree = "<group>"; };
		A5A1351B01D571F5864DA244 /* Pods-SoundBite.release.xcconfig */ = {isa = PBXFileReference; includeInIndex = 1; lastKnownFileType = text.xcconfig; name = "Pods-SoundBite.release.xcconfig"; path = "Pods/Target Support Files/Pods-SoundBite/Pods-SoundBite.release.xcconfig"; sourceTree = "<group>"; };
		CE2E66F850CE9797E01AAB16 /* Pods-SoundBite.debug.xcconfig */ = {isa = PBXFileReference; includeInIndex = 1; lastKnownFileType = text.xcconfig; name = "Pods-SoundBite.debug.xcconfig"; path = "Pods/Target Support Files/Pods-SoundBite/Pods-SoundBite.debug.xcconfig"; sourceTree = "<group>"; };
		E28B52CC655D0DB2C8CE3856 /* Pods_SoundBite.framework */ = {isa = PBXFileReference; explicitFileType = wrapper.framework; includeInIndex = 0; path = Pods_SoundBite.framework; sourceTree = BUILT_PRODUCTS_DIR; };
/* End PBXFileReference section */

/* Begin PBXFrameworksBuildPhase section */
		688DADD31E7468C900A3A7AD /* Frameworks */ = {
			isa = PBXFrameworksBuildPhase;
			buildActionMask = 2147483647;
			files = (
				700A2E631DCC1BD8EF4DE042 /* Pods_SoundBite.framework in Frameworks */,
			);
			runOnlyForDeploymentPostprocessing = 0;
		};
		688DADE71E7468C900A3A7AD /* Frameworks */ = {
			isa = PBXFrameworksBuildPhase;
			buildActionMask = 2147483647;
			files = (
			);
			runOnlyForDeploymentPostprocessing = 0;
		};
		688DADF21E7468C900A3A7AD /* Frameworks */ = {
			isa = PBXFrameworksBuildPhase;
			buildActionMask = 2147483647;
			files = (
			);
			runOnlyForDeploymentPostprocessing = 0;
		};
		688DAE081E74697D00A3A7AD /* Frameworks */ = {
			isa = PBXFrameworksBuildPhase;
			buildActionMask = 2147483647;
			files = (
				688DAE0E1E74697D00A3A7AD /* NotificationCenter.framework in Frameworks */,
			);
			runOnlyForDeploymentPostprocessing = 0;
		};
/* End PBXFrameworksBuildPhase section */

/* Begin PBXGroup section */
		31BFF1B288A5F0B8EDFAB6AA /* Pods */ = {
			isa = PBXGroup;
			children = (
				CE2E66F850CE9797E01AAB16 /* Pods-SoundBite.debug.xcconfig */,
				A5A1351B01D571F5864DA244 /* Pods-SoundBite.release.xcconfig */,
			);
			name = Pods;
			sourceTree = "<group>";
		};
		688DADCD1E7468C900A3A7AD = {
			isa = PBXGroup;
			children = (
				688B3C0C1E75D6F4005E75E1 /* ChaletNewYorkNineteenEighty.ttf */,
				688DADD81E7468C900A3A7AD /* SoundBite */,
				688DADED1E7468C900A3A7AD /* SoundBiteTests */,
				688DADF81E7468C900A3A7AD /* SoundBiteUITests */,
				688DAE0F1E74697D00A3A7AD /* SoundBiteExtension */,
				688DAE0C1E74697D00A3A7AD /* Frameworks */,
				688DADD71E7468C900A3A7AD /* Products */,
				31BFF1B288A5F0B8EDFAB6AA /* Pods */,
			);
			sourceTree = "<group>";
		};
		688DADD71E7468C900A3A7AD /* Products */ = {
			isa = PBXGroup;
			children = (
				688DADD61E7468C900A3A7AD /* SoundBite.app */,
				688DADEA1E7468C900A3A7AD /* SoundBiteTests.xctest */,
				688DADF51E7468C900A3A7AD /* SoundBiteUITests.xctest */,
				688DAE0B1E74697D00A3A7AD /* SoundBiteExtension.appex */,
			);
			name = Products;
			sourceTree = "<group>";
		};
		688DADD81E7468C900A3A7AD /* SoundBite */ = {
			isa = PBXGroup;
			children = (
				681D57051E78724500CB6011 /* SoundBite.entitlements */,
				688DADD91E7468C900A3A7AD /* AppDelegate.swift */,
				68B3992A1E79AF0400E521C0 /* Extensions.swift */,
				68B399261E792B7F00E521C0 /* ViewControllers */,
				68B399251E792B7300E521C0 /* Controllers */,
				68B399271E792B8500E521C0 /* Views */,
				68B399281E792BAA00E521C0 /* Models */,
				68B399291E792BB200E521C0 /* Xibs */,
				688DADE01E7468C900A3A7AD /* Assets.xcassets */,
				687D05F31E74DB4C005164B5 /* devkit */,
				688DADE21E7468C900A3A7AD /* LaunchScreen.storyboard */,
				688DADE51E7468C900A3A7AD /* Info.plist */,
			);
			path = SoundBite;
			sourceTree = "<group>";
		};
		688DADED1E7468C900A3A7AD /* SoundBiteTests */ = {
			isa = PBXGroup;
			children = (
				688DADEE1E7468C900A3A7AD /* SoundBiteTests.swift */,
				688DADF01E7468C900A3A7AD /* Info.plist */,
			);
			path = SoundBiteTests;
			sourceTree = "<group>";
		};
		688DADF81E7468C900A3A7AD /* SoundBiteUITests */ = {
			isa = PBXGroup;
			children = (
				688DADF91E7468C900A3A7AD /* SoundBiteUITests.swift */,
				688DADFB1E7468C900A3A7AD /* Info.plist */,
			);
			path = SoundBiteUITests;
			sourceTree = "<group>";
		};
		688DAE0C1E74697D00A3A7AD /* Frameworks */ = {
			isa = PBXGroup;
			children = (
				688DAE0D1E74697D00A3A7AD /* NotificationCenter.framework */,
				E28B52CC655D0DB2C8CE3856 /* Pods_SoundBite.framework */,
			);
			name = Frameworks;
			sourceTree = "<group>";
		};
		688DAE0F1E74697D00A3A7AD /* SoundBiteExtension */ = {
			isa = PBXGroup;
			children = (
				688DAE101E74697D00A3A7AD /* TodayViewController.swift */,
				688DAE121E74697D00A3A7AD /* MainInterface.storyboard */,
				688DAE151E74697D00A3A7AD /* Info.plist */,
			);
			path = SoundBiteExtension;
			sourceTree = "<group>";
		};
		68B399251E792B7300E521C0 /* Controllers */ = {
			isa = PBXGroup;
			children = (
				688DAE1D1E7482EF00A3A7AD /* RecorderController.swift */,
				681D57061E78E38700CB6011 /* AssetExporter.swift */,
				681D57081E78E81500CB6011 /* AudioFileMerger.swift */,
			);
			name = Controllers;
			sourceTree = "<group>";
		};
		68B399261E792B7F00E521C0 /* ViewControllers */ = {
			isa = PBXGroup;
			children = (
				688DADDB1E7468C900A3A7AD /* HomeViewController.swift */,
				68B3992C1E79AF6B00E521C0 /* EditSoundbitesViewController.swift */,
			);
			name = ViewControllers;
			sourceTree = "<group>";
		};
		68B399271E792B8500E521C0 /* Views */ = {
			isa = PBXGroup;
			children = (
				688B3C061E750068005E75E1 /* DrawerView.swift */,
				688B3C4A1E77208C005E75E1 /* RecordingTableViewCell.swift */,
			);
			name = Views;
			sourceTree = "<group>";
		};
		68B399281E792BAA00E521C0 /* Models */ = {
			isa = PBXGroup;
			children = (
				688B3C0A1E750A4B005E75E1 /* Recording.swift */,
			);
			name = Models;
			sourceTree = "<group>";
		};
		68B399291E792BB200E521C0 /* Xibs */ = {
			isa = PBXGroup;
			children = (
				688DADDD1E7468C900A3A7AD /* Main.storyboard */,
				688B3C4E1E77224C005E75E1 /* RecordingTableViewCell.xib */,
			);
			name = Xibs;
			sourceTree = "<group>";
		};
/* End PBXGroup section */

/* Begin PBXNativeTarget section */
		688DADD51E7468C900A3A7AD /* SoundBite */ = {
			isa = PBXNativeTarget;
			buildConfigurationList = 688DADFE1E7468C900A3A7AD /* Build configuration list for PBXNativeTarget "SoundBite" */;
			buildPhases = (
				37CC423A865A83448C918C73 /* [CP] Check Pods Manifest.lock */,
				688DADD21E7468C900A3A7AD /* Sources */,
				688DADD31E7468C900A3A7AD /* Frameworks */,
				688DADD41E7468C900A3A7AD /* Resources */,
				688DAE1C1E74697D00A3A7AD /* Embed App Extensions */,
				D2D418B1F17C3C361B1AFF73 /* [CP] Embed Pods Frameworks */,
				CB6FFE79D01BC84724CFB024 /* [CP] Copy Pods Resources */,
			);
			buildRules = (
			);
			dependencies = (
				688DAE171E74697D00A3A7AD /* PBXTargetDependency */,
			);
			name = SoundBite;
			productName = SoundBite;
			productReference = 688DADD61E7468C900A3A7AD /* SoundBite.app */;
			productType = "com.apple.product-type.application";
		};
		688DADE91E7468C900A3A7AD /* SoundBiteTests */ = {
			isa = PBXNativeTarget;
			buildConfigurationList = 688DAE011E7468C900A3A7AD /* Build configuration list for PBXNativeTarget "SoundBiteTests" */;
			buildPhases = (
				688DADE61E7468C900A3A7AD /* Sources */,
				688DADE71E7468C900A3A7AD /* Frameworks */,
				688DADE81E7468C900A3A7AD /* Resources */,
			);
			buildRules = (
			);
			dependencies = (
				688DADEC1E7468C900A3A7AD /* PBXTargetDependency */,
			);
			name = SoundBiteTests;
			productName = SoundBiteTests;
			productReference = 688DADEA1E7468C900A3A7AD /* SoundBiteTests.xctest */;
			productType = "com.apple.product-type.bundle.unit-test";
		};
		688DADF41E7468C900A3A7AD /* SoundBiteUITests */ = {
			isa = PBXNativeTarget;
			buildConfigurationList = 688DAE041E7468C900A3A7AD /* Build configuration list for PBXNativeTarget "SoundBiteUITests" */;
			buildPhases = (
				688DADF11E7468C900A3A7AD /* Sources */,
				688DADF21E7468C900A3A7AD /* Frameworks */,
				688DADF31E7468C900A3A7AD /* Resources */,
			);
			buildRules = (
			);
			dependencies = (
				688DADF71E7468C900A3A7AD /* PBXTargetDependency */,
			);
			name = SoundBiteUITests;
			productName = SoundBiteUITests;
			productReference = 688DADF51E7468C900A3A7AD /* SoundBiteUITests.xctest */;
			productType = "com.apple.product-type.bundle.ui-testing";
		};
		688DAE0A1E74697D00A3A7AD /* SoundBiteExtension */ = {
			isa = PBXNativeTarget;
			buildConfigurationList = 688DAE191E74697D00A3A7AD /* Build configuration list for PBXNativeTarget "SoundBiteExtension" */;
			buildPhases = (
				688DAE071E74697D00A3A7AD /* Sources */,
				688DAE081E74697D00A3A7AD /* Frameworks */,
				688DAE091E74697D00A3A7AD /* Resources */,
			);
			buildRules = (
			);
			dependencies = (
			);
			name = SoundBiteExtension;
			productName = SoundBiteExtension;
			productReference = 688DAE0B1E74697D00A3A7AD /* SoundBiteExtension.appex */;
			productType = "com.apple.product-type.app-extension";
		};
/* End PBXNativeTarget section */

/* Begin PBXProject section */
		688DADCE1E7468C900A3A7AD /* Project object */ = {
			isa = PBXProject;
			attributes = {
				LastSwiftUpdateCheck = 0820;
				LastUpgradeCheck = 0820;
				ORGANIZATIONNAME = LoganGeefs;
				TargetAttributes = {
					688DADD51E7468C900A3A7AD = {
						CreatedOnToolsVersion = 8.2.1;
						DevelopmentTeam = 7D555FCVE5;
						LastSwiftMigration = 0820;
						ProvisioningStyle = Automatic;
						SystemCapabilities = {
							com.apple.ApplicationGroups.iOS = {
								enabled = 1;
							};
						};
					};
					688DADE91E7468C900A3A7AD = {
						CreatedOnToolsVersion = 8.2.1;
						DevelopmentTeam = BL9758P7UG;
						LastSwiftMigration = 0820;
						ProvisioningStyle = Automatic;
						TestTargetID = 688DADD51E7468C900A3A7AD;
					};
					688DADF41E7468C900A3A7AD = {
						CreatedOnToolsVersion = 8.2.1;
						DevelopmentTeam = BL9758P7UG;
						LastSwiftMigration = 0820;
						ProvisioningStyle = Automatic;
						TestTargetID = 688DADD51E7468C900A3A7AD;
					};
					688DAE0A1E74697D00A3A7AD = {
						CreatedOnToolsVersion = 8.2.1;
						DevelopmentTeam = 7D555FCVE5;
						LastSwiftMigration = 0820;
						ProvisioningStyle = Automatic;
					};
				};
			};
			buildConfigurationList = 688DADD11E7468C900A3A7AD /* Build configuration list for PBXProject "SoundBite" */;
			compatibilityVersion = "Xcode 3.2";
			developmentRegion = English;
			hasScannedForEncodings = 0;
			knownRegions = (
				en,
				Base,
			);
			mainGroup = 688DADCD1E7468C900A3A7AD;
			productRefGroup = 688DADD71E7468C900A3A7AD /* Products */;
			projectDirPath = "";
			projectRoot = "";
			targets = (
				688DADD51E7468C900A3A7AD /* SoundBite */,
				688DADE91E7468C900A3A7AD /* SoundBiteTests */,
				688DADF41E7468C900A3A7AD /* SoundBiteUITests */,
				688DAE0A1E74697D00A3A7AD /* SoundBiteExtension */,
			);
		};
/* End PBXProject section */

/* Begin PBXResourcesBuildPhase section */
		688DADD41E7468C900A3A7AD /* Resources */ = {
			isa = PBXResourcesBuildPhase;
			buildActionMask = 2147483647;
			files = (
				688DADE41E7468C900A3A7AD /* LaunchScreen.storyboard in Resources */,
				688B3C4F1E77224C005E75E1 /* RecordingTableViewCell.xib in Resources */,
				687D05F41E74DB4C005164B5 /* devkit in Resources */,
				688DADE11E7468C900A3A7AD /* Assets.xcassets in Resources */,
				688DADDF1E7468C900A3A7AD /* Main.storyboard in Resources */,
				688B3C0D1E75D6F4005E75E1 /* ChaletNewYorkNineteenEighty.ttf in Resources */,
			);
			runOnlyForDeploymentPostprocessing = 0;
		};
		688DADE81E7468C900A3A7AD /* Resources */ = {
			isa = PBXResourcesBuildPhase;
			buildActionMask = 2147483647;
			files = (
			);
			runOnlyForDeploymentPostprocessing = 0;
		};
		688DADF31E7468C900A3A7AD /* Resources */ = {
			isa = PBXResourcesBuildPhase;
			buildActionMask = 2147483647;
			files = (
			);
			runOnlyForDeploymentPostprocessing = 0;
		};
		688DAE091E74697D00A3A7AD /* Resources */ = {
			isa = PBXResourcesBuildPhase;
			buildActionMask = 2147483647;
			files = (
				688DAE141E74697D00A3A7AD /* MainInterface.storyboard in Resources */,
			);
			runOnlyForDeploymentPostprocessing = 0;
		};
/* End PBXResourcesBuildPhase section */

/* Begin PBXShellScriptBuildPhase section */
		37CC423A865A83448C918C73 /* [CP] Check Pods Manifest.lock */ = {
			isa = PBXShellScriptBuildPhase;
			buildActionMask = 2147483647;
			files = (
			);
			inputPaths = (
			);
			name = "[CP] Check Pods Manifest.lock";
			outputPaths = (
			);
			runOnlyForDeploymentPostprocessing = 0;
			shellPath = /bin/sh;
			shellScript = "diff \"${PODS_ROOT}/../Podfile.lock\" \"${PODS_ROOT}/Manifest.lock\" > /dev/null\nif [[ $? != 0 ]] ; then\n    cat << EOM\nerror: The sandbox is not in sync with the Podfile.lock. Run 'pod install' or update your CocoaPods installation.\nEOM\n    exit 1\nfi\n";
			showEnvVarsInLog = 0;
		};
		CB6FFE79D01BC84724CFB024 /* [CP] Copy Pods Resources */ = {
			isa = PBXShellScriptBuildPhase;
			buildActionMask = 2147483647;
			files = (
			);
			inputPaths = (
			);
			name = "[CP] Copy Pods Resources";
			outputPaths = (
			);
			runOnlyForDeploymentPostprocessing = 0;
			shellPath = /bin/sh;
			shellScript = "\"${SRCROOT}/Pods/Target Support Files/Pods-SoundBite/Pods-SoundBite-resources.sh\"\n";
			showEnvVarsInLog = 0;
		};
		D2D418B1F17C3C361B1AFF73 /* [CP] Embed Pods Frameworks */ = {
			isa = PBXShellScriptBuildPhase;
			buildActionMask = 2147483647;
			files = (
			);
			inputPaths = (
			);
			name = "[CP] Embed Pods Frameworks";
			outputPaths = (
			);
			runOnlyForDeploymentPostprocessing = 0;
			shellPath = /bin/sh;
			shellScript = "\"${SRCROOT}/Pods/Target Support Files/Pods-SoundBite/Pods-SoundBite-frameworks.sh\"\n";
			showEnvVarsInLog = 0;
		};
/* End PBXShellScriptBuildPhase section */

/* Begin PBXSourcesBuildPhase section */
		688DADD21E7468C900A3A7AD /* Sources */ = {
			isa = PBXSourcesBuildPhase;
			buildActionMask = 2147483647;
			files = (
				688B3C0B1E750A4B005E75E1 /* Recording.swift in Sources */,
				68B3992B1E79AF0400E521C0 /* Extensions.swift in Sources */,
				688DADDC1E7468C900A3A7AD /* HomeViewController.swift in Sources */,
				688DAE1E1E7482EF00A3A7AD /* RecorderController.swift in Sources */,
				688B3C071E750068005E75E1 /* DrawerView.swift in Sources */,
				688DADDA1E7468C900A3A7AD /* AppDelegate.swift in Sources */,
				688B3C4B1E77208C005E75E1 /* RecordingTableViewCell.swift in Sources */,
				681D57071E78E38700CB6011 /* AssetExporter.swift in Sources */,
				68B3992D1E79AF6B00E521C0 /* EditSoundbitesViewController.swift in Sources */,
				681D57091E78E81500CB6011 /* AudioFileMerger.swift in Sources */,
			);
			runOnlyForDeploymentPostprocessing = 0;
		};
		688DADE61E7468C900A3A7AD /* Sources */ = {
			isa = PBXSourcesBuildPhase;
			buildActionMask = 2147483647;
			files = (
				688DADEF1E7468C900A3A7AD /* SoundBiteTests.swift in Sources */,
			);
			runOnlyForDeploymentPostprocessing = 0;
		};
		688DADF11E7468C900A3A7AD /* Sources */ = {
			isa = PBXSourcesBuildPhase;
			buildActionMask = 2147483647;
			files = (
				688DADFA1E7468C900A3A7AD /* SoundBiteUITests.swift in Sources */,
			);
			runOnlyForDeploymentPostprocessing = 0;
		};
		688DAE071E74697D00A3A7AD /* Sources */ = {
			isa = PBXSourcesBuildPhase;
			buildActionMask = 2147483647;
			files = (
				688DAE111E74697D00A3A7AD /* TodayViewController.swift in Sources */,
			);
			runOnlyForDeploymentPostprocessing = 0;
		};
/* End PBXSourcesBuildPhase section */

/* Begin PBXTargetDependency section */
		688DADEC1E7468C900A3A7AD /* PBXTargetDependency */ = {
			isa = PBXTargetDependency;
			target = 688DADD51E7468C900A3A7AD /* SoundBite */;
			targetProxy = 688DADEB1E7468C900A3A7AD /* PBXContainerItemProxy */;
		};
		688DADF71E7468C900A3A7AD /* PBXTargetDependency */ = {
			isa = PBXTargetDependency;
			target = 688DADD51E7468C900A3A7AD /* SoundBite */;
			targetProxy = 688DADF61E7468C900A3A7AD /* PBXContainerItemProxy */;
		};
		688DAE171E74697D00A3A7AD /* PBXTargetDependency */ = {
			isa = PBXTargetDependency;
			target = 688DAE0A1E74697D00A3A7AD /* SoundBiteExtension */;
			targetProxy = 688DAE161E74697D00A3A7AD /* PBXContainerItemProxy */;
		};
/* End PBXTargetDependency section */

/* Begin PBXVariantGroup section */
		688DADDD1E7468C900A3A7AD /* Main.storyboard */ = {
			isa = PBXVariantGroup;
			children = (
				688DADDE1E7468C900A3A7AD /* Base */,
			);
			name = Main.storyboard;
			sourceTree = "<group>";
		};
		688DADE21E7468C900A3A7AD /* LaunchScreen.storyboard */ = {
			isa = PBXVariantGroup;
			children = (
				688DADE31E7468C900A3A7AD /* Base */,
			);
			name = LaunchScreen.storyboard;
			sourceTree = "<group>";
		};
		688DAE121E74697D00A3A7AD /* MainInterface.storyboard */ = {
			isa = PBXVariantGroup;
			children = (
				688DAE131E74697D00A3A7AD /* Base */,
			);
			name = MainInterface.storyboard;
			sourceTree = "<group>";
		};
/* End PBXVariantGroup section */

/* Begin XCBuildConfiguration section */
		688DADFC1E7468C900A3A7AD /* Debug */ = {
			isa = XCBuildConfiguration;
			buildSettings = {
				ALWAYS_SEARCH_USER_PATHS = NO;
				CLANG_ANALYZER_NONNULL = YES;
				CLANG_CXX_LANGUAGE_STANDARD = "gnu++0x";
				CLANG_CXX_LIBRARY = "libc++";
				CLANG_ENABLE_MODULES = YES;
				CLANG_ENABLE_OBJC_ARC = YES;
				CLANG_WARN_BOOL_CONVERSION = YES;
				CLANG_WARN_CONSTANT_CONVERSION = YES;
				CLANG_WARN_DIRECT_OBJC_ISA_USAGE = YES_ERROR;
				CLANG_WARN_DOCUMENTATION_COMMENTS = YES;
				CLANG_WARN_EMPTY_BODY = YES;
				CLANG_WARN_ENUM_CONVERSION = YES;
				CLANG_WARN_INFINITE_RECURSION = YES;
				CLANG_WARN_INT_CONVERSION = YES;
				CLANG_WARN_OBJC_ROOT_CLASS = YES_ERROR;
				CLANG_WARN_SUSPICIOUS_MOVE = YES;
				CLANG_WARN_UNREACHABLE_CODE = YES;
				CLANG_WARN__DUPLICATE_METHOD_MATCH = YES;
				CODE_SIGN_IDENTITY = "iPhone Developer";
				"CODE_SIGN_IDENTITY[sdk=iphoneos*]" = "iPhone Developer";
				COPY_PHASE_STRIP = NO;
				DEBUG_INFORMATION_FORMAT = dwarf;
				DEVELOPMENT_TEAM = 7D555FCVE5;
				ENABLE_STRICT_OBJC_MSGSEND = YES;
				ENABLE_TESTABILITY = YES;
				GCC_C_LANGUAGE_STANDARD = gnu99;
				GCC_DYNAMIC_NO_PIC = NO;
				GCC_NO_COMMON_BLOCKS = YES;
				GCC_OPTIMIZATION_LEVEL = 0;
				GCC_PREPROCESSOR_DEFINITIONS = (
					"DEBUG=1",
					"$(inherited)",
				);
				GCC_WARN_64_TO_32_BIT_CONVERSION = YES;
				GCC_WARN_ABOUT_RETURN_TYPE = YES_ERROR;
				GCC_WARN_UNDECLARED_SELECTOR = YES;
				GCC_WARN_UNINITIALIZED_AUTOS = YES_AGGRESSIVE;
				GCC_WARN_UNUSED_FUNCTION = YES;
				GCC_WARN_UNUSED_VARIABLE = YES;
				IPHONEOS_DEPLOYMENT_TARGET = 10.2;
				MTL_ENABLE_DEBUG_INFO = YES;
				ONLY_ACTIVE_ARCH = YES;
				SDKROOT = iphoneos;
				SWIFT_ACTIVE_COMPILATION_CONDITIONS = DEBUG;
				SWIFT_OPTIMIZATION_LEVEL = "-Onone";
			};
			name = Debug;
		};
		688DADFD1E7468C900A3A7AD /* Release */ = {
			isa = XCBuildConfiguration;
			buildSettings = {
				ALWAYS_SEARCH_USER_PATHS = NO;
				CLANG_ANALYZER_NONNULL = YES;
				CLANG_CXX_LANGUAGE_STANDARD = "gnu++0x";
				CLANG_CXX_LIBRARY = "libc++";
				CLANG_ENABLE_MODULES = YES;
				CLANG_ENABLE_OBJC_ARC = YES;
				CLANG_WARN_BOOL_CONVERSION = YES;
				CLANG_WARN_CONSTANT_CONVERSION = YES;
				CLANG_WARN_DIRECT_OBJC_ISA_USAGE = YES_ERROR;
				CLANG_WARN_DOCUMENTATION_COMMENTS = YES;
				CLANG_WARN_EMPTY_BODY = YES;
				CLANG_WARN_ENUM_CONVERSION = YES;
				CLANG_WARN_INFINITE_RECURSION = YES;
				CLANG_WARN_INT_CONVERSION = YES;
				CLANG_WARN_OBJC_ROOT_CLASS = YES_ERROR;
				CLANG_WARN_SUSPICIOUS_MOVE = YES;
				CLANG_WARN_UNREACHABLE_CODE = YES;
				CLANG_WARN__DUPLICATE_METHOD_MATCH = YES;
				CODE_SIGN_IDENTITY = "iPhone Developer";
				"CODE_SIGN_IDENTITY[sdk=iphoneos*]" = "iPhone Developer";
				COPY_PHASE_STRIP = NO;
				DEBUG_INFORMATION_FORMAT = "dwarf-with-dsym";
				DEVELOPMENT_TEAM = 7D555FCVE5;
				ENABLE_NS_ASSERTIONS = NO;
				ENABLE_STRICT_OBJC_MSGSEND = YES;
				GCC_C_LANGUAGE_STANDARD = gnu99;
				GCC_NO_COMMON_BLOCKS = YES;
				GCC_WARN_64_TO_32_BIT_CONVERSION = YES;
				GCC_WARN_ABOUT_RETURN_TYPE = YES_ERROR;
				GCC_WARN_UNDECLARED_SELECTOR = YES;
				GCC_WARN_UNINITIALIZED_AUTOS = YES_AGGRESSIVE;
				GCC_WARN_UNUSED_FUNCTION = YES;
				GCC_WARN_UNUSED_VARIABLE = YES;
				IPHONEOS_DEPLOYMENT_TARGET = 10.2;
				MTL_ENABLE_DEBUG_INFO = NO;
				SDKROOT = iphoneos;
				SWIFT_OPTIMIZATION_LEVEL = "-Owholemodule";
				VALIDATE_PRODUCT = YES;
			};
			name = Release;
		};
		688DADFF1E7468C900A3A7AD /* Debug */ = {
			isa = XCBuildConfiguration;
			baseConfigurationReference = CE2E66F850CE9797E01AAB16 /* Pods-SoundBite.debug.xcconfig */;
			buildSettings = {
				ALWAYS_EMBED_SWIFT_STANDARD_LIBRARIES = YES;
				ASSETCATALOG_COMPILER_APPICON_NAME = AppIcon;
				CODE_SIGN_ENTITLEMENTS = SoundBite/SoundBite.entitlements;
				CODE_SIGN_IDENTITY = "iPhone Developer";
				DEVELOPMENT_TEAM = 7D555FCVE5;
				INFOPLIST_FILE = SoundBite/Info.plist;
				LD_RUNPATH_SEARCH_PATHS = "$(inherited) @executable_path/Frameworks";
				PRODUCT_BUNDLE_IDENTIFIER = com.soundbite.soundbite;
				PRODUCT_NAME = "$(TARGET_NAME)";
				SWIFT_VERSION = 3.0;
			};
			name = Debug;
		};
		688DAE001E7468C900A3A7AD /* Release */ = {
			isa = XCBuildConfiguration;
			baseConfigurationReference = A5A1351B01D571F5864DA244 /* Pods-SoundBite.release.xcconfig */;
			buildSettings = {
				ALWAYS_EMBED_SWIFT_STANDARD_LIBRARIES = YES;
				ASSETCATALOG_COMPILER_APPICON_NAME = AppIcon;
				CODE_SIGN_ENTITLEMENTS = SoundBite/SoundBite.entitlements;
				CODE_SIGN_IDENTITY = "iPhone Developer";
				DEVELOPMENT_TEAM = 7D555FCVE5;
				INFOPLIST_FILE = SoundBite/Info.plist;
				LD_RUNPATH_SEARCH_PATHS = "$(inherited) @executable_path/Frameworks";
				PRODUCT_BUNDLE_IDENTIFIER = com.soundbite.soundbite;
				PRODUCT_NAME = "$(TARGET_NAME)";
				SWIFT_VERSION = 3.0;
			};
			name = Release;
		};
		688DAE021E7468C900A3A7AD /* Debug */ = {
			isa = XCBuildConfiguration;
			buildSettings = {
				ALWAYS_EMBED_SWIFT_STANDARD_LIBRARIES = YES;
				BUNDLE_LOADER = "$(TEST_HOST)";
				DEVELOPMENT_TEAM = BL9758P7UG;
				INFOPLIST_FILE = SoundBiteTests/Info.plist;
				LD_RUNPATH_SEARCH_PATHS = "$(inherited) @executable_path/Frameworks @loader_path/Frameworks";
				PRODUCT_BUNDLE_IDENTIFIER = LoganGeefs.SoundBiteTests;
				PRODUCT_NAME = "$(TARGET_NAME)";
				SWIFT_VERSION = 3.0;
				TEST_HOST = "$(BUILT_PRODUCTS_DIR)/SoundBite.app/SoundBite";
			};
			name = Debug;
		};
		688DAE031E7468C900A3A7AD /* Release */ = {
			isa = XCBuildConfiguration;
			buildSettings = {
				ALWAYS_EMBED_SWIFT_STANDARD_LIBRARIES = YES;
				BUNDLE_LOADER = "$(TEST_HOST)";
				DEVELOPMENT_TEAM = BL9758P7UG;
				INFOPLIST_FILE = SoundBiteTests/Info.plist;
				LD_RUNPATH_SEARCH_PATHS = "$(inherited) @executable_path/Frameworks @loader_path/Frameworks";
				PRODUCT_BUNDLE_IDENTIFIER = LoganGeefs.SoundBiteTests;
				PRODUCT_NAME = "$(TARGET_NAME)";
				SWIFT_VERSION = 3.0;
				TEST_HOST = "$(BUILT_PRODUCTS_DIR)/SoundBite.app/SoundBite";
			};
			name = Release;
		};
		688DAE051E7468C900A3A7AD /* Debug */ = {
			isa = XCBuildConfiguration;
			buildSettings = {
				ALWAYS_EMBED_SWIFT_STANDARD_LIBRARIES = YES;
				DEVELOPMENT_TEAM = BL9758P7UG;
				INFOPLIST_FILE = SoundBiteUITests/Info.plist;
				LD_RUNPATH_SEARCH_PATHS = "$(inherited) @executable_path/Frameworks @loader_path/Frameworks";
				PRODUCT_BUNDLE_IDENTIFIER = LoganGeefs.SoundBiteUITests;
				PRODUCT_NAME = "$(TARGET_NAME)";
				SWIFT_VERSION = 3.0;
				TEST_TARGET_NAME = SoundBite;
			};
			name = Debug;
		};
		688DAE061E7468C900A3A7AD /* Release */ = {
			isa = XCBuildConfiguration;
			buildSettings = {
				ALWAYS_EMBED_SWIFT_STANDARD_LIBRARIES = YES;
				DEVELOPMENT_TEAM = BL9758P7UG;
				INFOPLIST_FILE = SoundBiteUITests/Info.plist;
				LD_RUNPATH_SEARCH_PATHS = "$(inherited) @executable_path/Frameworks @loader_path/Frameworks";
				PRODUCT_BUNDLE_IDENTIFIER = LoganGeefs.SoundBiteUITests;
				PRODUCT_NAME = "$(TARGET_NAME)";
				SWIFT_VERSION = 3.0;
				TEST_TARGET_NAME = SoundBite;
			};
			name = Release;
		};
		688DAE1A1E74697D00A3A7AD /* Debug */ = {
			isa = XCBuildConfiguration;
			buildSettings = {
				CODE_SIGN_IDENTITY = "iPhone Developer";
				DEVELOPMENT_TEAM = 7D555FCVE5;
				INFOPLIST_FILE = SoundBiteExtension/Info.plist;
				LD_RUNPATH_SEARCH_PATHS = "$(inherited) @executable_path/Frameworks @executable_path/../../Frameworks";
				PRODUCT_BUNDLE_IDENTIFIER = com.soundbite.soundbite.extension;
				PRODUCT_NAME = "$(TARGET_NAME)";
				SKIP_INSTALL = YES;
				SWIFT_VERSION = 3.0;
			};
			name = Debug;
		};
		688DAE1B1E74697D00A3A7AD /* Release */ = {
			isa = XCBuildConfiguration;
			buildSettings = {
				CODE_SIGN_IDENTITY = "iPhone Developer";
				DEVELOPMENT_TEAM = 7D555FCVE5;
				INFOPLIST_FILE = SoundBiteExtension/Info.plist;
				LD_RUNPATH_SEARCH_PATHS = "$(inherited) @executable_path/Frameworks @executable_path/../../Frameworks";
				PRODUCT_BUNDLE_IDENTIFIER = com.soundbite.soundbite.extension;
				PRODUCT_NAME = "$(TARGET_NAME)";
				SKIP_INSTALL = YES;
				SWIFT_VERSION = 3.0;
			};
			name = Release;
		};
/* End XCBuildConfiguration section */

/* Begin XCConfigurationList section */
		688DADD11E7468C900A3A7AD /* Build configuration list for PBXProject "SoundBite" */ = {
			isa = XCConfigurationList;
			buildConfigurations = (
				688DADFC1E7468C900A3A7AD /* Debug */,
				688DADFD1E7468C900A3A7AD /* Release */,
			);
			defaultConfigurationIsVisible = 0;
			defaultConfigurationName = Release;
		};
		688DADFE1E7468C900A3A7AD /* Build configuration list for PBXNativeTarget "SoundBite" */ = {
			isa = XCConfigurationList;
			buildConfigurations = (
				688DADFF1E7468C900A3A7AD /* Debug */,
				688DAE001E7468C900A3A7AD /* Release */,
			);
			defaultConfigurationIsVisible = 0;
			defaultConfigurationName = Release;
		};
		688DAE011E7468C900A3A7AD /* Build configuration list for PBXNativeTarget "SoundBiteTests" */ = {
			isa = XCConfigurationList;
			buildConfigurations = (
				688DAE021E7468C900A3A7AD /* Debug */,
				688DAE031E7468C900A3A7AD /* Release */,
			);
			defaultConfigurationIsVisible = 0;
			defaultConfigurationName = Release;
		};
		688DAE041E7468C900A3A7AD /* Build configuration list for PBXNativeTarget "SoundBiteUITests" */ = {
			isa = XCConfigurationList;
			buildConfigurations = (
				688DAE051E7468C900A3A7AD /* Debug */,
				688DAE061E7468C900A3A7AD /* Release */,
			);
			defaultConfigurationIsVisible = 0;
			defaultConfigurationName = Release;
		};
		688DAE191E74697D00A3A7AD /* Build configuration list for PBXNativeTarget "SoundBiteExtension" */ = {
			isa = XCConfigurationList;
			buildConfigurations = (
				688DAE1A1E74697D00A3A7AD /* Debug */,
				688DAE1B1E74697D00A3A7AD /* Release */,
			);
			defaultConfigurationIsVisible = 0;
			defaultConfigurationName = Release;
		};
/* End XCConfigurationList section */
	};
	rootObject = 688DADCE1E7468C900A3A7AD /* Project object */;
}
